
Microsoft Visual Studio Solution File, Format Version 12.00
# Visual Studio 15
VisualStudioVersion = 15.0.28010.2026
MinimumVisualStudioVersion = 10.0.40219.1
Project("{FAE04EC0-301F-11D3-BF4B-00C04F79EFBC}") = "VisualLayerIntegration", "VisualLayerIntegration\VisualLayerIntegration.csproj", "{CD865AD5-692D-4B3F-8F33-0739C7E7BA27}"
EndProject
Global
	GlobalSection(SolutionConfigurationPlatforms) = preSolution
		Debug|Any CPU = Debug|Any CPU
		Debug|ARM = Debug|ARM
		Debug|ARM64 = Debug|ARM64
		Debug|x64 = Debug|x64
		Debug|x86 = Debug|x86
		Release|Any CPU = Release|Any CPU
		Release|ARM = Release|ARM
		Release|ARM64 = Release|ARM64
		Release|x64 = Release|x64
		Release|x86 = Release|x86
	EndGlobalSection
	GlobalSection(ProjectConfigurationPlatforms) = postSolution
		{CD865AD5-692D-4B3F-8F33-0739C7E7BA27}.Debug|Any CPU.ActiveCfg = Debug|Any CPU
		{CD865AD5-692D-4B3F-8F33-0739C7E7BA27}.Debug|Any CPU.Build.0 = Debug|Any CPU
		{CD865AD5-692D-4B3F-8F33-0739C7E7BA27}.Debug|ARM.ActiveCfg = Debug|Any CPU
		{CD865AD5-692D-4B3F-8F33-0739C7E7BA27}.Debug|ARM.Build.0 = Debug|Any CPU
		{CD865AD5-692D-4B3F-8F33-0739C7E7BA27}.Debug|ARM64.ActiveCfg = Debug|Any CPU
		{CD865AD5-692D-4B3F-8F33-0739C7E7BA27}.Debug|ARM64.Build.0 = Debug|Any CPU
		{CD865AD5-692D-4B3F-8F33-0739C7E7BA27}.Debug|x64.ActiveCfg = Debug|Any CPU
		{CD865AD5-692D-4B3F-8F33-0739C7E7BA27}.Debug|x64.Build.0 = Debug|Any CPU
		{CD865AD5-692D-4B3F-8F33-0739C7E7BA27}.Debug|x86.ActiveCfg = Debug|Any CPU
		{CD865AD5-692D-4B3F-8F33-0739C7E7BA27}.Debug|x86.Build.0 = Debug|Any CPU
		{CD865AD5-692D-4B3F-8F33-0739C7E7BA27}.Release|Any CPU.ActiveCfg = Release|Any CPU
		{CD865AD5-692D-4B3F-8F33-0739C7E7BA27}.Release|Any CPU.Build.0 = Release|Any CPU
		{CD865AD5-692D-4B3F-8F33-0739C7E7BA27}.Release|ARM.ActiveCfg = Release|Any CPU
		{CD865AD5-692D-4B3F-8F33-0739C7E7BA27}.Release|ARM.Build.0 = Release|Any CPU
		{CD865AD5-692D-4B3F-8F33-0739C7E7BA27}.Release|ARM64.ActiveCfg = Release|Any CPU
		{CD865AD5-692D-4B3F-8F33-0739C7E7BA27}.Release|ARM64.Build.0 = Release|Any CPU
		{CD865AD5-692D-4B3F-8F33-0739C7E7BA27}.Release|x64.ActiveCfg = Release|Any CPU
		{CD865AD5-692D-4B3F-8F33-0739C7E7BA27}.Release|x64.Build.0 = Release|Any CPU
		{CD865AD5-692D-4B3F-8F33-0739C7E7BA27}.Release|x86.ActiveCfg = Release|Any CPU
		{CD865AD5-692D-4B3F-8F33-0739C7E7BA27}.Release|x86.Build.0 = Release|Any CPU
	EndGlobalSection
	GlobalSection(SolutionProperties) = preSolution
		HideSolutionNode = FALSE
	EndGlobalSection
	GlobalSection(ExtensibilityGlobals) = postSolution
		SolutionGuid = {C7B32CBA-5640-46C8-A35C-0DEFB152AE4A}
	EndGlobalSection
EndGlobal
