
Microsoft Visual Studio Solution File, Format Version 12.00
# Visual Studio 15
VisualStudioVersion = 15.0.28307.329
MinimumVisualStudioVersion = 10.0.40219.1
Project("{8BC9CEB8-8B4A-11D0-8D11-00A0C91BC942}") = "HelloComposition", "HelloComposition\HelloComposition.vcxproj", "{3719BE61-52D1-4F42-8A4C-E575BA16E65F}"
EndProject
Global
	GlobalSection(SolutionConfigurationPlatforms) = preSolution
		Debug|x64 = Debug|x64
		Debug|x86 = Debug|x86
		Release|x64 = Release|x64
		Release|x86 = Release|x86
	EndGlobalSection
	GlobalSection(ProjectConfigurationPlatforms) = postSolution
		{3719BE61-52D1-4F42-8A4C-E575BA16E65F}.Debug|x64.ActiveCfg = Debug|x64
		{3719BE61-52D1-4F42-8A4C-E575BA16E65F}.Debug|x64.Build.0 = Debug|x64
		{3719BE61-52D1-4F42-8A4C-E575BA16E65F}.Debug|x86.ActiveCfg = Debug|Win32
		{3719BE61-52D1-4F42-8A4C-E575BA16E65F}.Debug|x86.Build.0 = Debug|Win32
		{3719BE61-52D1-4F42-8A4C-E575BA16E65F}.Release|x64.ActiveCfg = Release|x64
		{3719BE61-52D1-4F42-8A4C-E575BA16E65F}.Release|x64.Build.0 = Release|x64
		{3719BE61-52D1-4F42-8A4C-E575BA16E65F}.Release|x86.ActiveCfg = Release|Win32
		{3719BE61-52D1-4F42-8A4C-E575BA16E65F}.Release|x86.Build.0 = Release|Win32
	EndGlobalSection
	GlobalSection(SolutionProperties) = preSolution
		HideSolutionNode = FALSE
	EndGlobalSection
	GlobalSection(ExtensibilityGlobals) = postSolution
		SolutionGuid = {A9187620-797E-4EC0-B739-B58FF4C12BF3}
	EndGlobalSection
EndGlobal
