
Microsoft Visual Studio Solution File, Format Version 12.00
# Visual Studio 15
VisualStudioVersion = 15.0.27729.1
MinimumVisualStudioVersion = 10.0.40219.1
Project("{8BC9CEB8-8B4A-11D0-8D11-00A0C91BC942}") = "ScreenCaptureforHWND", "ScreenCaptureforHWND\ScreenCaptureforHWND.vcxproj", "{045FFB0E-D0D4-404D-8C33-13C7074B3236}"
EndProject
Global
	GlobalSection(SolutionConfigurationPlatforms) = preSolution
		Debug|x64 = Debug|x64
		Debug|x86 = Debug|x86
		Release|x64 = Release|x64
		Release|x86 = Release|x86
	EndGlobalSection
	GlobalSection(ProjectConfigurationPlatforms) = postSolution
		{045FFB0E-D0D4-404D-8C33-13C7074B3236}.Debug|x64.ActiveCfg = Debug|x64
		{045FFB0E-D0D4-404D-8C33-13C7074B3236}.Debug|x64.Build.0 = Debug|x64
		{045FFB0E-D0D4-404D-8C33-13C7074B3236}.Debug|x86.ActiveCfg = Debug|Win32
		{045FFB0E-D0D4-404D-8C33-13C7074B3236}.Debug|x86.Build.0 = Debug|Win32
		{045FFB0E-D0D4-404D-8C33-13C7074B3236}.Release|x64.ActiveCfg = Release|x64
		{045FFB0E-D0D4-404D-8C33-13C7074B3236}.Release|x64.Build.0 = Release|x64
		{045FFB0E-D0D4-404D-8C33-13C7074B3236}.Release|x86.ActiveCfg = Release|Win32
		{045FFB0E-D0D4-404D-8C33-13C7074B3236}.Release|x86.Build.0 = Release|Win32
	EndGlobalSection
	GlobalSection(SolutionProperties) = preSolution
		HideSolutionNode = FALSE
	EndGlobalSection
	GlobalSection(ExtensibilityGlobals) = postSolution
		SolutionGuid = {9E392E8D-8CB6-45C9-B519-884088CDC7FD}
	EndGlobalSection
EndGlobal
