
Microsoft Visual Studio Solution File, Format Version 12.00
# Visual Studio 15
VisualStudioVersion = 15.0.28307.421
MinimumVisualStudioVersion = 10.0.40219.1
Project("{FAE04EC0-301F-11D3-BF4B-00C04F79EFBC}") = "ScreenCapture", "ScreenCapture\ScreenCapture.csproj", "{4DDD37B1-E3E8-46C1-BDE9-3039A93DAF27}"
EndProject
Project("{9A19103F-16F7-4668-BE54-9A1E7A4F7556}") = "CaptureSampleCore", "CaptureSampleCore\CaptureSampleCore.csproj", "{502B19A1-292A-4E7F-9C19-B16CA42F1F82}"
EndProject
Project("{9A19103F-16F7-4668-BE54-9A1E7A4F7556}") = "Composition.WindowsRuntimeHelpers", "Composition.WindowsRuntimeHelpers\Composition.WindowsRuntimeHelpers.csproj", "{EC969287-3D35-410A-806C-0BAAA7564911}"
EndProject
Global
	GlobalSection(SolutionConfigurationPlatforms) = preSolution
		Debug|Any CPU = Debug|Any CPU
		Debug|ARM = Debug|ARM
		Debug|x64 = Debug|x64
		Debug|x86 = Debug|x86
		Release|Any CPU = Release|Any CPU
		Release|ARM = Release|ARM
		Release|x64 = Release|x64
		Release|x86 = Release|x86
	EndGlobalSection
	GlobalSection(ProjectConfigurationPlatforms) = postSolution
		{4DDD37B1-E3E8-46C1-BDE9-3039A93DAF27}.Debug|Any CPU.ActiveCfg = Debug|Any CPU
		{4DDD37B1-E3E8-46C1-BDE9-3039A93DAF27}.Debug|Any CPU.Build.0 = Debug|Any CPU
		{4DDD37B1-E3E8-46C1-BDE9-3039A93DAF27}.Debug|ARM.ActiveCfg = Debug|Any CPU
		{4DDD37B1-E3E8-46C1-BDE9-3039A93DAF27}.Debug|ARM.Build.0 = Debug|Any CPU
		{4DDD37B1-E3E8-46C1-BDE9-3039A93DAF27}.Debug|x64.ActiveCfg = Debug|Any CPU
		{4DDD37B1-E3E8-46C1-BDE9-3039A93DAF27}.Debug|x64.Build.0 = Debug|Any CPU
		{4DDD37B1-E3E8-46C1-BDE9-3039A93DAF27}.Debug|x86.ActiveCfg = Debug|Any CPU
		{4DDD37B1-E3E8-46C1-BDE9-3039A93DAF27}.Debug|x86.Build.0 = Debug|Any CPU
		{4DDD37B1-E3E8-46C1-BDE9-3039A93DAF27}.Release|Any CPU.ActiveCfg = Release|Any CPU
		{4DDD37B1-E3E8-46C1-BDE9-3039A93DAF27}.Release|Any CPU.Build.0 = Release|Any CPU
		{4DDD37B1-E3E8-46C1-BDE9-3039A93DAF27}.Release|ARM.ActiveCfg = Release|Any CPU
		{4DDD37B1-E3E8-46C1-BDE9-3039A93DAF27}.Release|ARM.Build.0 = Release|Any CPU
		{4DDD37B1-E3E8-46C1-BDE9-3039A93DAF27}.Release|x64.ActiveCfg = Release|Any CPU
		{4DDD37B1-E3E8-46C1-BDE9-3039A93DAF27}.Release|x64.Build.0 = Release|Any CPU
		{4DDD37B1-E3E8-46C1-BDE9-3039A93DAF27}.Release|x86.ActiveCfg = Release|Any CPU
		{4DDD37B1-E3E8-46C1-BDE9-3039A93DAF27}.Release|x86.Build.0 = Release|Any CPU
		{502B19A1-292A-4E7F-9C19-B16CA42F1F82}.Debug|Any CPU.ActiveCfg = Debug|Any CPU
		{502B19A1-292A-4E7F-9C19-B16CA42F1F82}.Debug|Any CPU.Build.0 = Debug|Any CPU
		{502B19A1-292A-4E7F-9C19-B16CA42F1F82}.Debug|ARM.ActiveCfg = Debug|Any CPU
		{502B19A1-292A-4E7F-9C19-B16CA42F1F82}.Debug|ARM.Build.0 = Debug|Any CPU
		{502B19A1-292A-4E7F-9C19-B16CA42F1F82}.Debug|x64.ActiveCfg = Debug|Any CPU
		{502B19A1-292A-4E7F-9C19-B16CA42F1F82}.Debug|x64.Build.0 = Debug|Any CPU
		{502B19A1-292A-4E7F-9C19-B16CA42F1F82}.Debug|x86.ActiveCfg = Debug|Any CPU
		{502B19A1-292A-4E7F-9C19-B16CA42F1F82}.Debug|x86.Build.0 = Debug|Any CPU
		{502B19A1-292A-4E7F-9C19-B16CA42F1F82}.Release|Any CPU.ActiveCfg = Release|Any CPU
		{502B19A1-292A-4E7F-9C19-B16CA42F1F82}.Release|Any CPU.Build.0 = Release|Any CPU
		{502B19A1-292A-4E7F-9C19-B16CA42F1F82}.Release|ARM.ActiveCfg = Release|Any CPU
		{502B19A1-292A-4E7F-9C19-B16CA42F1F82}.Release|ARM.Build.0 = Release|Any CPU
		{502B19A1-292A-4E7F-9C19-B16CA42F1F82}.Release|x64.ActiveCfg = Release|Any CPU
		{502B19A1-292A-4E7F-9C19-B16CA42F1F82}.Release|x64.Build.0 = Release|Any CPU
		{502B19A1-292A-4E7F-9C19-B16CA42F1F82}.Release|x86.ActiveCfg = Release|Any CPU
		{502B19A1-292A-4E7F-9C19-B16CA42F1F82}.Release|x86.Build.0 = Release|Any CPU
		{EC969287-3D35-410A-806C-0BAAA7564911}.Debug|Any CPU.ActiveCfg = Debug|Any CPU
		{EC969287-3D35-410A-806C-0BAAA7564911}.Debug|Any CPU.Build.0 = Debug|Any CPU
		{EC969287-3D35-410A-806C-0BAAA7564911}.Debug|ARM.ActiveCfg = Debug|Any CPU
		{EC969287-3D35-410A-806C-0BAAA7564911}.Debug|ARM.Build.0 = Debug|Any CPU
		{EC969287-3D35-410A-806C-0BAAA7564911}.Debug|x64.ActiveCfg = Debug|Any CPU
		{EC969287-3D35-410A-806C-0BAAA7564911}.Debug|x64.Build.0 = Debug|Any CPU
		{EC969287-3D35-410A-806C-0BAAA7564911}.Debug|x86.ActiveCfg = Debug|Any CPU
		{EC969287-3D35-410A-806C-0BAAA7564911}.Debug|x86.Build.0 = Debug|Any CPU
		{EC969287-3D35-410A-806C-0BAAA7564911}.Release|Any CPU.ActiveCfg = Release|Any CPU
		{EC969287-3D35-410A-806C-0BAAA7564911}.Release|Any CPU.Build.0 = Release|Any CPU
		{EC969287-3D35-410A-806C-0BAAA7564911}.Release|ARM.ActiveCfg = Release|Any CPU
		{EC969287-3D35-410A-806C-0BAAA7564911}.Release|ARM.Build.0 = Release|Any CPU
		{EC969287-3D35-410A-806C-0BAAA7564911}.Release|x64.ActiveCfg = Release|Any CPU
		{EC969287-3D35-410A-806C-0BAAA7564911}.Release|x64.Build.0 = Release|Any CPU
		{EC969287-3D35-410A-806C-0BAAA7564911}.Release|x86.ActiveCfg = Release|Any CPU
		{EC969287-3D35-410A-806C-0BAAA7564911}.Release|x86.Build.0 = Release|Any CPU
	EndGlobalSection
	GlobalSection(SolutionProperties) = preSolution
		HideSolutionNode = FALSE
	EndGlobalSection
	GlobalSection(ExtensibilityGlobals) = postSolution
		SolutionGuid = {2EBE8D8A-1C43-4C9B-BD8D-CBB938E8F1FE}
	EndGlobalSection
EndGlobal
